// !$*UTF8*$!
{
	archiveVersion = 1;
	classes = {
	};
	objectVersion = 46;
	objects = {

/* Begin PBXBuildFile section */
		294305071F5F13F600C28E92 /* AppDelegate.swift in Sources */ = {isa = PBXBuildFile; fileRef = 294305061F5F13F600C28E92 /* AppDelegate.swift */; };
		294305091F5F13F600C28E92 /* ViewController.swift in Sources */ = {isa = PBXBuildFile; fileRef = 294305081F5F13F600C28E92 /* ViewController.swift */; };
		2943050C1F5F13F600C28E92 /* Main.storyboard in Resources */ = {isa = PBXBuildFile; fileRef = 2943050A1F5F13F600C28E92 /* Main.storyboard */; };
		2943050E1F5F13F600C28E92 /* Assets.xcassets in Resources */ = {isa = PBXBuildFile; fileRef = 2943050D1F5F13F600C28E92 /* Assets.xcassets */; };
		294305111F5F13F600C28E92 /* LaunchScreen.storyboard in Resources */ = {isa = PBXBuildFile; fileRef = 2943050F1F5F13F600C28E92 /* LaunchScreen.storyboard */; };
		294305191F5F145000C28E92 /* GoogleService-Info.plist in Resources */ = {isa = PBXBuildFile; fileRef = 294305181F5F145000C28E92 /* GoogleService-Info.plist */; };
		2943051B1F60413F00C28E92 /* Helper.swift in Sources */ = {isa = PBXBuildFile; fileRef = 2943051A1F60413F00C28E92 /* Helper.swift */; };
		2943051D1F605F3E00C28E92 /* TableViewController.swift in Sources */ = {isa = PBXBuildFile; fileRef = 2943051C1F605F3E00C28E92 /* TableViewController.swift */; };
		2943051F1F607DDF00C28E92 /* ChatViewController.swift in Sources */ = {isa = PBXBuildFile; fileRef = 2943051E1F607DDF00C28E92 /* ChatViewController.swift */; };
		364DBD08EC32909E197F3E53 /* Pods_ChatApp.framework in Frameworks */ = {isa = PBXBuildFile; fileRef = 54BAAFDEDBF9634EF3365108 /* Pods_ChatApp.framework */; };
/* End PBXBuildFile section */

/* Begin PBXFileReference section */
		294305031F5F13F600C28E92 /* ChatApp.app */ = {isa = PBXFileReference; explicitFileType = wrapper.application; includeInIndex = 0; path = ChatApp.app; sourceTree = BUILT_PRODUCTS_DIR; };
		294305061F5F13F600C28E92 /* AppDelegate.swift */ = {isa = PBXFileReference; lastKnownFileType = sourcecode.swift; path = AppDelegate.swift; sourceTree = "<group>"; };
		294305081F5F13F600C28E92 /* ViewController.swift */ = {isa = PBXFileReference; lastKnownFileType = sourcecode.swift; path = ViewController.swift; sourceTree = "<group>"; };
		2943050B1F5F13F600C28E92 /* Base */ = {isa = PBXFileReference; lastKnownFileType = file.storyboard; name = Base; path = Base.lproj/Main.storyboard; sourceTree = "<group>"; };
		2943050D1F5F13F600C28E92 /* Assets.xcassets */ = {isa = PBXFileReference; lastKnownFileType = folder.assetcatalog; path = Assets.xcassets; sourceTree = "<group>"; };
		294305101F5F13F600C28E92 /* Base */ = {isa = PBXFileReference; lastKnownFileType = file.storyboard; name = Base; path = Base.lproj/LaunchScreen.storyboard; sourceTree = "<group>"; };
		294305121F5F13F600C28E92 /* Info.plist */ = {isa = PBXFileReference; lastKnownFileType = text.plist.xml; path = Info.plist; sourceTree = "<group>"; };
		294305181F5F145000C28E92 /* GoogleService-Info.plist */ = {isa = PBXFileReference; fileEncoding = 4; lastKnownFileType = text.plist.xml; path = "GoogleService-Info.plist"; sourceTree = "<group>"; };
		2943051A1F60413F00C28E92 /* Helper.swift */ = {isa = PBXFileReference; fileEncoding = 4; lastKnownFileType = sourcecode.swift; path = Helper.swift; sourceTree = "<group>"; };
		2943051C1F605F3E00C28E92 /* TableViewController.swift */ = {isa = PBXFileReference; fileEncoding = 4; lastKnownFileType = sourcecode.swift; path = TableViewController.swift; sourceTree = "<group>"; };
		2943051E1F607DDF00C28E92 /* ChatViewController.swift */ = {isa = PBXFileReference; fileEncoding = 4; lastKnownFileType = sourcecode.swift; path = ChatViewController.swift; sourceTree = "<group>"; };
		54BAAFDEDBF9634EF3365108 /* Pods_ChatApp.framework */ = {isa = PBXFileReference; explicitFileType = wrapper.framework; includeInIndex = 0; path = Pods_ChatApp.framework; sourceTree = BUILT_PRODUCTS_DIR; };
		58EB89FAB923A9B3C4B05B23 /* Pods-ChatApp.debug.xcconfig */ = {isa = PBXFileReference; includeInIndex = 1; lastKnownFileType = text.xcconfig; name = "Pods-ChatApp.debug.xcconfig"; path = "Pods/Target Support Files/Pods-ChatApp/Pods-ChatApp.debug.xcconfig"; sourceTree = "<group>"; };
		6B912C26E397112D94FB41FF /* Pods-ChatApp.release.xcconfig */ = {isa = PBXFileReference; includeInIndex = 1; lastKnownFileType = text.xcconfig; name = "Pods-ChatApp.release.xcconfig"; path = "Pods/Target Support Files/Pods-ChatApp/Pods-ChatApp.release.xcconfig"; sourceTree = "<group>"; };
/* End PBXFileReference section */

/* Begin PBXFrameworksBuildPhase section */
		294305001F5F13F600C28E92 /* Frameworks */ = {
			isa = PBXFrameworksBuildPhase;
			buildActionMask = 2147483647;
			files = (
				364DBD08EC32909E197F3E53 /* Pods_ChatApp.framework in Frameworks */,
			);
			runOnlyForDeploymentPostprocessing = 0;
		};
/* End PBXFrameworksBuildPhase section */

/* Begin PBXGroup section */
		294304FA1F5F13F600C28E92 = {
			isa = PBXGroup;
			children = (
				294305051F5F13F600C28E92 /* ChatApp */,
				294305041F5F13F600C28E92 /* Products */,
				F55EB4FFE2C3A42C6A2F6E37 /* Pods */,
				3A190998B9BE92D0FEF529CD /* Frameworks */,
			);
			sourceTree = "<group>";
		};
		294305041F5F13F600C28E92 /* Products */ = {
			isa = PBXGroup;
			children = (
				294305031F5F13F600C28E92 /* ChatApp.app */,
			);
			name = Products;
			sourceTree = "<group>";
		};
		294305051F5F13F600C28E92 /* ChatApp */ = {
			isa = PBXGroup;
			children = (
				294305061F5F13F600C28E92 /* AppDelegate.swift */,
				294305081F5F13F600C28E92 /* ViewController.swift */,
				2943051A1F60413F00C28E92 /* Helper.swift */,
				2943050A1F5F13F600C28E92 /* Main.storyboard */,
				2943050D1F5F13F600C28E92 /* Assets.xcassets */,
				2943050F1F5F13F600C28E92 /* LaunchScreen.storyboard */,
				294305181F5F145000C28E92 /* GoogleService-Info.plist */,
				294305121F5F13F600C28E92 /* Info.plist */,
				2943051C1F605F3E00C28E92 /* TableViewController.swift */,
				2943051E1F607DDF00C28E92 /* ChatViewController.swift */,
			);
			path = ChatApp;
			sourceTree = "<group>";
		};
		3A190998B9BE92D0FEF529CD /* Frameworks */ = {
			isa = PBXGroup;
			children = (
				54BAAFDEDBF9634EF3365108 /* Pods_ChatApp.framework */,
			);
			name = Frameworks;
			sourceTree = "<group>";
		};
		F55EB4FFE2C3A42C6A2F6E37 /* Pods */ = {
			isa = PBXGroup;
			children = (
				58EB89FAB923A9B3C4B05B23 /* Pods-ChatApp.debug.xcconfig */,
				6B912C26E397112D94FB41FF /* Pods-ChatApp.release.xcconfig */,
			);
			name = Pods;
			sourceTree = "<group>";
		};
/* End PBXGroup section */

/* Begin PBXNativeTarget section */
		294305021F5F13F600C28E92 /* ChatApp */ = {
			isa = PBXNativeTarget;
			buildConfigurationList = 294305151F5F13F600C28E92 /* Build configuration list for PBXNativeTarget "ChatApp" */;
			buildPhases = (
				388A45B62F1C27C96616FE72 /* [CP] Check Pods Manifest.lock */,
				294304FF1F5F13F600C28E92 /* Sources */,
				294305001F5F13F600C28E92 /* Frameworks */,
				294305011F5F13F600C28E92 /* Resources */,
				1297E08B539C96F4B5E1D992 /* [CP] Embed Pods Frameworks */,
				277ED9D68AB38683967FF89B /* [CP] Copy Pods Resources */,
			);
			buildRules = (
			);
			dependencies = (
			);
			name = ChatApp;
			productName = ChatApp;
			productReference = 294305031F5F13F600C28E92 /* ChatApp.app */;
			productType = "com.apple.product-type.application";
		};
/* End PBXNativeTarget section */

/* Begin PBXProject section */
		294304FB1F5F13F600C28E92 /* Project object */ = {
			isa = PBXProject;
			attributes = {
				LastSwiftUpdateCheck = 0830;
				LastUpgradeCheck = 0830;
				ORGANIZATIONNAME = "Pavlo Kharambura";
				TargetAttributes = {
					294305021F5F13F600C28E92 = {
						CreatedOnToolsVersion = 8.3.3;
						DevelopmentTeam = 7ZBZB7WTZS;
						ProvisioningStyle = Automatic;
					};
				};
			};
			buildConfigurationList = 294304FE1F5F13F600C28E92 /* Build configuration list for PBXProject "ChatApp" */;
			compatibilityVersion = "Xcode 3.2";
			developmentRegion = English;
			hasScannedForEncodings = 0;
			knownRegions = (
				en,
				Base,
			);
			mainGroup = 294304FA1F5F13F600C28E92;
			productRefGroup = 294305041F5F13F600C28E92 /* Products */;
			projectDirPath = "";
			projectRoot = "";
			targets = (
				294305021F5F13F600C28E92 /* ChatApp */,
			);
		};
/* End PBXProject section */

/* Begin PBXResourcesBuildPhase section */
		294305011F5F13F600C28E92 /* Resources */ = {
			isa = PBXResourcesBuildPhase;
			buildActionMask = 2147483647;
			files = (
				294305111F5F13F600C28E92 /* LaunchScreen.storyboard in Resources */,
				294305191F5F145000C28E92 /* GoogleService-Info.plist in Resources */,
				2943050E1F5F13F600C28E92 /* Assets.xcassets in Resources */,
				2943050C1F5F13F600C28E92 /* Main.storyboard in Resources */,
			);
			runOnlyForDeploymentPostprocessing = 0;
		};
/* End PBXResourcesBuildPhase section */

/* Begin PBXShellScriptBuildPhase section */
		1297E08B539C96F4B5E1D992 /* [CP] Embed Pods Frameworks */ = {
			isa = PBXShellScriptBuildPhase;
			buildActionMask = 2147483647;
			files = (
			);
			inputPaths = (
			);
			name = "[CP] Embed Pods Frameworks";
			outputPaths = (
			);
			runOnlyForDeploymentPostprocessing = 0;
			shellPath = /bin/sh;
			shellScript = "\"${SRCROOT}/Pods/Target Support Files/Pods-ChatApp/Pods-ChatApp-frameworks.sh\"\n";
			showEnvVarsInLog = 0;
		};
		277ED9D68AB38683967FF89B /* [CP] Copy Pods Resources */ = {
			isa = PBXShellScriptBuildPhase;
			buildActionMask = 2147483647;
			files = (
			);
			inputPaths = (
			);
			name = "[CP] Copy Pods Resources";
			outputPaths = (
			);
			runOnlyForDeploymentPostprocessing = 0;
			shellPath = /bin/sh;
			shellScript = "\"${SRCROOT}/Pods/Target Support Files/Pods-ChatApp/Pods-ChatApp-resources.sh\"\n";
			showEnvVarsInLog = 0;
		};
		388A45B62F1C27C96616FE72 /* [CP] Check Pods Manifest.lock */ = {
			isa = PBXShellScriptBuildPhase;
			buildActionMask = 2147483647;
			files = (
			);
			inputPaths = (
			);
			name = "[CP] Check Pods Manifest.lock";
			outputPaths = (
			);
			runOnlyForDeploymentPostprocessing = 0;
			shellPath = /bin/sh;
			shellScript = "diff \"${PODS_PODFILE_DIR_PATH}/Podfile.lock\" \"${PODS_ROOT}/Manifest.lock\" > /dev/null\nif [ $? != 0 ] ; then\n    # print error to STDERR\n    echo \"error: The sandbox is not in sync with the Podfile.lock. Run 'pod install' or update your CocoaPods installation.\" >&2\n    exit 1\nfi\n";
			showEnvVarsInLog = 0;
		};
/* End PBXShellScriptBuildPhase section */

/* Begin PBXSourcesBuildPhase section */
		294304FF1F5F13F600C28E92 /* Sources */ = {
			isa = PBXSourcesBuildPhase;
			buildActionMask = 2147483647;
			files = (
				294305091F5F13F600C28E92 /* ViewController.swift in Sources */,
				294305071F5F13F600C28E92 /* AppDelegate.swift in Sources */,
				2943051B1F60413F00C28E92 /* Helper.swift in Sources */,
				2943051F1F607DDF00C28E92 /* ChatViewController.swift in Sources */,
				2943051D1F605F3E00C28E92 /* TableViewController.swift in Sources */,
			);
			runOnlyForDeploymentPostprocessing = 0;
		};
/* End PBXSourcesBuildPhase section */

/* Begin PBXVariantGroup section */
		2943050A1F5F13F600C28E92 /* Main.storyboard */ = {
			isa = PBXVariantGroup;
			children = (
				2943050B1F5F13F600C28E92 /* Base */,
			);
			name = Main.storyboard;
			sourceTree = "<group>";
		};
		2943050F1F5F13F600C28E92 /* LaunchScreen.storyboard */ = {
			isa = PBXVariantGroup;
			children = (
				294305101F5F13F600C28E92 /* Base */,
			);
			name = LaunchScreen.storyboard;
			sourceTree = "<group>";
		};
/* End PBXVariantGroup section */

/* Begin XCBuildConfiguration section */
		294305131F5F13F600C28E92 /* Debug */ = {
			isa = XCBuildConfiguration;
			buildSettings = {
				ALWAYS_SEARCH_USER_PATHS = NO;
				CLANG_ANALYZER_NONNULL = YES;
				CLANG_ANALYZER_NUMBER_OBJECT_CONVERSION = YES_AGGRESSIVE;
				CLANG_CXX_LANGUAGE_STANDARD = "gnu++0x";
				CLANG_CXX_LIBRARY = "libc++";
				CLANG_ENABLE_MODULES = YES;
				CLANG_ENABLE_OBJC_ARC = YES;
				CLANG_WARN_BOOL_CONVERSION = YES;
				CLANG_WARN_CONSTANT_CONVERSION = YES;
				CLANG_WARN_DIRECT_OBJC_ISA_USAGE = YES_ERROR;
				CLANG_WARN_DOCUMENTATION_COMMENTS = YES;
				CLANG_WARN_EMPTY_BODY = YES;
				CLANG_WARN_ENUM_CONVERSION = YES;
				CLANG_WARN_INFINITE_RECURSION = YES;
				CLANG_WARN_INT_CONVERSION = YES;
				CLANG_WARN_OBJC_ROOT_CLASS = YES_ERROR;
				CLANG_WARN_SUSPICIOUS_MOVE = YES;
				CLANG_WARN_UNREACHABLE_CODE = YES;
				CLANG_WARN__DUPLICATE_METHOD_MATCH = YES;
				"CODE_SIGN_IDENTITY[sdk=iphoneos*]" = "iPhone Developer";
				COPY_PHASE_STRIP = NO;
				DEBUG_INFORMATION_FORMAT = dwarf;
				ENABLE_STRICT_OBJC_MSGSEND = YES;
				ENABLE_TESTABILITY = YES;
				GCC_C_LANGUAGE_STANDARD = gnu99;
				GCC_DYNAMIC_NO_PIC = NO;
				GCC_NO_COMMON_BLOCKS = YES;
				GCC_OPTIMIZATION_LEVEL = 0;
				GCC_PREPROCESSOR_DEFINITIONS = (
					"DEBUG=1",
					"$(inherited)",
				);
				GCC_WARN_64_TO_32_BIT_CONVERSION = YES;
				GCC_WARN_ABOUT_RETURN_TYPE = YES_ERROR;
				GCC_WARN_UNDECLARED_SELECTOR = YES;
				GCC_WARN_UNINITIALIZED_AUTOS = YES_AGGRESSIVE;
				GCC_WARN_UNUSED_FUNCTION = YES;
				GCC_WARN_UNUSED_VARIABLE = YES;
				IPHONEOS_DEPLOYMENT_TARGET = 10.3;
				MTL_ENABLE_DEBUG_INFO = YES;
				ONLY_ACTIVE_ARCH = YES;
				SDKROOT = iphoneos;
				SWIFT_ACTIVE_COMPILATION_CONDITIONS = DEBUG;
				SWIFT_OPTIMIZATION_LEVEL = "-Onone";
			};
			name = Debug;
		};
		294305141F5F13F600C28E92 /* Release */ = {
			isa = XCBuildConfiguration;
			buildSettings = {
				ALWAYS_SEARCH_USER_PATHS = NO;
				CLANG_ANALYZER_NONNULL = YES;
				CLANG_ANALYZER_NUMBER_OBJECT_CONVERSION = YES_AGGRESSIVE;
				CLANG_CXX_LANGUAGE_STANDARD = "gnu++0x";
				CLANG_CXX_LIBRARY = "libc++";
				CLANG_ENABLE_MODULES = YES;
				CLANG_ENABLE_OBJC_ARC = YES;
				CLANG_WARN_BOOL_CONVERSION = YES;
				CLANG_WARN_CONSTANT_CONVERSION = YES;
				CLANG_WARN_DIRECT_OBJC_ISA_USAGE = YES_ERROR;
				CLANG_WARN_DOCUMENTATION_COMMENTS = YES;
				CLANG_WARN_EMPTY_BODY = YES;
				CLANG_WARN_ENUM_CONVERSION = YES;
				CLANG_WARN_INFINITE_RECURSION = YES;
				CLANG_WARN_INT_CONVERSION = YES;
				CLANG_WARN_OBJC_ROOT_CLASS = YES_ERROR;
				CLANG_WARN_SUSPICIOUS_MOVE = YES;
				CLANG_WARN_UNREACHABLE_CODE = YES;
				CLANG_WARN__DUPLICATE_METHOD_MATCH = YES;
				"CODE_SIGN_IDENTITY[sdk=iphoneos*]" = "iPhone Developer";
				COPY_PHASE_STRIP = NO;
				DEBUG_INFORMATION_FORMAT = "dwarf-with-dsym";
				ENABLE_NS_ASSERTIONS = NO;
				ENABLE_STRICT_OBJC_MSGSEND = YES;
				GCC_C_LANGUAGE_STANDARD = gnu99;
				GCC_NO_COMMON_BLOCKS = YES;
				GCC_WARN_64_TO_32_BIT_CONVERSION = YES;
				GCC_WARN_ABOUT_RETURN_TYPE = YES_ERROR;
				GCC_WARN_UNDECLARED_SELECTOR = YES;
				GCC_WARN_UNINITIALIZED_AUTOS = YES_AGGRESSIVE;
				GCC_WARN_UNUSED_FUNCTION = YES;
				GCC_WARN_UNUSED_VARIABLE = YES;
				IPHONEOS_DEPLOYMENT_TARGET = 10.3;
				MTL_ENABLE_DEBUG_INFO = NO;
				SDKROOT = iphoneos;
				SWIFT_OPTIMIZATION_LEVEL = "-Owholemodule";
				VALIDATE_PRODUCT = YES;
			};
			name = Release;
		};
		294305161F5F13F600C28E92 /* Debug */ = {
			isa = XCBuildConfiguration;
			baseConfigurationReference = 58EB89FAB923A9B3C4B05B23 /* Pods-ChatApp.debug.xcconfig */;
			buildSettings = {
				ASSETCATALOG_COMPILER_APPICON_NAME = AppIcon;
				DEVELOPMENT_TEAM = 7ZBZB7WTZS;
				INFOPLIST_FILE = ChatApp/Info.plist;
				LD_RUNPATH_SEARCH_PATHS = "$(inherited) @executable_path/Frameworks";
				PRODUCT_BUNDLE_IDENTIFIER = pasha.ChatApp;
				PRODUCT_NAME = "$(TARGET_NAME)";
				SWIFT_VERSION = 3.0;
			};
			name = Debug;
		};
		294305171F5F13F600C28E92 /* Release */ = {
			isa = XCBuildConfiguration;
			baseConfigurationReference = 6B912C26E397112D94FB41FF /* Pods-ChatApp.release.xcconfig */;
			buildSettings = {
				ASSETCATALOG_COMPILER_APPICON_NAME = AppIcon;
				DEVELOPMENT_TEAM = 7ZBZB7WTZS;
				INFOPLIST_FILE = ChatApp/Info.plist;
				LD_RUNPATH_SEARCH_PATHS = "$(inherited) @executable_path/Frameworks";
				PRODUCT_BUNDLE_IDENTIFIER = pasha.ChatApp;
				PRODUCT_NAME = "$(TARGET_NAME)";
				SWIFT_VERSION = 3.0;
			};
			name = Release;
		};
/* End XCBuildConfiguration section */

/* Begin XCConfigurationList section */
		294304FE1F5F13F600C28E92 /* Build configuration list for PBXProject "ChatApp" */ = {
			isa = XCConfigurationList;
			buildConfigurations = (
				294305131F5F13F600C28E92 /* Debug */,
				294305141F5F13F600C28E92 /* Release */,
			);
			defaultConfigurationIsVisible = 0;
			defaultConfigurationName = Release;
		};
		294305151F5F13F600C28E92 /* Build configuration list for PBXNativeTarget "ChatApp" */ = {
			isa = XCConfigurationList;
			buildConfigurations = (
				294305161F5F13F600C28E92 /* Debug */,
				294305171F5F13F600C28E92 /* Release */,
			);
			defaultConfigurationIsVisible = 0;
			defaultConfigurationName = Release;
		};
/* End XCConfigurationList section */
	};
	rootObject = 294304FB1F5F13F600C28E92 /* Project object */;
}
